
Microsoft Visual Studio Solution File, Format Version 12.00
# Visual Studio Version 16
VisualStudioVersion = 16.0.29609.76
MinimumVisualStudioVersion = 10.0.40219.1
Project("{FAE04EC0-301F-11D3-BF4B-00C04F79EFBC}") = "LOLLanguageSelector", "LOLLanguageSelector\LOLLanguageSelector.csproj", "{66E20097-8AAA-4A7E-A873-74B24080D954}"
EndProject
Global
	GlobalSection(SolutionConfigurationPlatforms) = preSolution
		Debug|Any CPU = Debug|Any CPU
		Release|Any CPU = Release|Any CPU
	EndGlobalSection
	GlobalSection(ProjectConfigurationPlatforms) = postSolution
		{66E20097-8AAA-4A7E-A873-74B24080D954}.Debug|Any CPU.ActiveCfg = Debug|Any CPU
		{66E20097-8AAA-4A7E-A873-74B24080D954}.Debug|Any CPU.Build.0 = Debug|Any CPU
		{66E20097-8AAA-4A7E-A873-74B24080D954}.Release|Any CPU.ActiveCfg = Release|Any CPU
		{66E20097-8AAA-4A7E-A873-74B24080D954}.Release|Any CPU.Build.0 = Release|Any CPU
	EndGlobalSection
	GlobalSection(SolutionProperties) = preSolution
		HideSolutionNode = FALSE
	EndGlobalSection
	GlobalSection(ExtensibilityGlobals) = postSolution
		SolutionGuid = {85BB135B-4E1C-4250-8224-15D4FB0C17A4}
	EndGlobalSection
EndGlobal
